
Microsoft Visual Studio Solution File, Format Version 12.00
# Visual Studio Version 17
VisualStudioVersion = 17.9.34728.123
MinimumVisualStudioVersion = 10.0.40219.1
Project("{FAE04EC0-301F-11D3-BF4B-00C04F79EFBC}") = "quickstart.crud-api", "quickstart.crud-api\quickstart.crud-api.csproj", "{509BFD07-068C-4F8D-AC41-50C01DB89CCA}"
EndProject
Global
	GlobalSection(SolutionConfigurationPlatforms) = preSolution
		Debug|Any CPU = Debug|Any CPU
		Release|Any CPU = Release|Any CPU
	EndGlobalSection
	GlobalSection(ProjectConfigurationPlatforms) = postSolution
		{509BFD07-068C-4F8D-AC41-50C01DB89CCA}.Debug|Any CPU.ActiveCfg = Debug|Any CPU
		{509BFD07-068C-4F8D-AC41-50C01DB89CCA}.Debug|Any CPU.Build.0 = Debug|Any CPU
		{509BFD07-068C-4F8D-AC41-50C01DB89CCA}.Release|Any CPU.ActiveCfg = Release|Any CPU
		{509BFD07-068C-4F8D-AC41-50C01DB89CCA}.Release|Any CPU.Build.0 = Release|Any CPU
	EndGlobalSection
	GlobalSection(SolutionProperties) = preSolution
		HideSolutionNode = FALSE
	EndGlobalSection
	GlobalSection(ExtensibilityGlobals) = postSolution
		SolutionGuid = {EDBF42F5-6F93-418F-B52F-111AE757252F}
	EndGlobalSection
EndGlobal
